// !$*UTF8*$!
{
	archiveVersion = 1;
	classes = {
	};
	objectVersion = 50;
	objects = {

/* Begin PBXBuildFile section */
		00D78D552410C1F60022D0DB /* AppDelegate.swift in Sources */ = {isa = PBXBuildFile; fileRef = 00D78D542410C1F60022D0DB /* AppDelegate.swift */; };
		00D78D572410C1F60022D0DB /* SceneDelegate.swift in Sources */ = {isa = PBXBuildFile; fileRef = 00D78D562410C1F60022D0DB /* SceneDelegate.swift */; };
		00D78D592410C1F60022D0DB /* ViewController.swift in Sources */ = {isa = PBXBuildFile; fileRef = 00D78D582410C1F60022D0DB /* ViewController.swift */; };
		00D78D5C2410C1F60022D0DB /* Main.storyboard in Resources */ = {isa = PBXBuildFile; fileRef = 00D78D5A2410C1F60022D0DB /* Main.storyboard */; };
		00D78D5F2410C1F60022D0DB /* Word_Scramble.xcdatamodeld in Sources */ = {isa = PBXBuildFile; fileRef = 00D78D5D2410C1F60022D0DB /* Word_Scramble.xcdatamodeld */; };
		00D78D612410C1F80022D0DB /* Assets.xcassets in Resources */ = {isa = PBXBuildFile; fileRef = 00D78D602410C1F80022D0DB /* Assets.xcassets */; };
		00D78D642410C1F80022D0DB /* LaunchScreen.storyboard in Resources */ = {isa = PBXBuildFile; fileRef = 00D78D622410C1F80022D0DB /* LaunchScreen.storyboard */; };
		00D78D6C2410C4A50022D0DB /* start.txt in Resources */ = {isa = PBXBuildFile; fileRef = 00D78D6B2410C4A50022D0DB /* start.txt */; };
/* End PBXBuildFile section */

/* Begin PBXFileReference section */
		00D78D512410C1F60022D0DB /* Word Scramble.app */ = {isa = PBXFileReference; explicitFileType = wrapper.application; includeInIndex = 0; path = "Word Scramble.app"; sourceTree = BUILT_PRODUCTS_DIR; };
		00D78D542410C1F60022D0DB /* AppDelegate.swift */ = {isa = PBXFileReference; lastKnownFileType = sourcecode.swift; path = AppDelegate.swift; sourceTree = "<group>"; };
		00D78D562410C1F60022D0DB /* SceneDelegate.swift */ = {isa = PBXFileReference; lastKnownFileType = sourcecode.swift; path = SceneDelegate.swift; sourceTree = "<group>"; };
		00D78D582410C1F60022D0DB /* ViewController.swift */ = {isa = PBXFileReference; lastKnownFileType = sourcecode.swift; path = ViewController.swift; sourceTree = "<group>"; };
		00D78D5B2410C1F60022D0DB /* Base */ = {isa = PBXFileReference; lastKnownFileType = file.storyboard; name = Base; path = Base.lproj/Main.storyboard; sourceTree = "<group>"; };
		00D78D5E2410C1F60022D0DB /* Word_Scramble.xcdatamodel */ = {isa = PBXFileReference; lastKnownFileType = wrapper.xcdatamodel; path = Word_Scramble.xcdatamodel; sourceTree = "<group>"; };
		00D78D602410C1F80022D0DB /* Assets.xcassets */ = {isa = PBXFileReference; lastKnownFileType = folder.assetcatalog; path = Assets.xcassets; sourceTree = "<group>"; };
		00D78D632410C1F80022D0DB /* Base */ = {isa = PBXFileReference; lastKnownFileType = file.storyboard; name = Base; path = Base.lproj/LaunchScreen.storyboard; sourceTree = "<group>"; };
		00D78D652410C1F80022D0DB /* Info.plist */ = {isa = PBXFileReference; lastKnownFileType = text.plist.xml; path = Info.plist; sourceTree = "<group>"; };
		00D78D6B2410C4A50022D0DB /* start.txt */ = {isa = PBXFileReference; fileEncoding = 4; lastKnownFileType = text; path = start.txt; sourceTree = "<group>"; };
/* End PBXFileReference section */

/* Begin PBXFrameworksBuildPhase section */
		00D78D4E2410C1F60022D0DB /* Frameworks */ = {
			isa = PBXFrameworksBuildPhase;
			buildActionMask = 2147483647;
			files = (
			);
			runOnlyForDeploymentPostprocessing = 0;
		};
/* End PBXFrameworksBuildPhase section */

/* Begin PBXGroup section */
		00D78D482410C1F60022D0DB = {
			isa = PBXGroup;
			children = (
				00D78D532410C1F60022D0DB /* Word Scramble */,
				00D78D522410C1F60022D0DB /* Products */,
			);
			sourceTree = "<group>";
		};
		00D78D522410C1F60022D0DB /* Products */ = {
			isa = PBXGroup;
			children = (
				00D78D512410C1F60022D0DB /* Word Scramble.app */,
			);
			name = Products;
			sourceTree = "<group>";
		};
		00D78D532410C1F60022D0DB /* Word Scramble */ = {
			isa = PBXGroup;
			children = (
				00D78D542410C1F60022D0DB /* AppDelegate.swift */,
				00D78D562410C1F60022D0DB /* SceneDelegate.swift */,
				00D78D582410C1F60022D0DB /* ViewController.swift */,
				00D78D5A2410C1F60022D0DB /* Main.storyboard */,
				00D78D602410C1F80022D0DB /* Assets.xcassets */,
				00D78D622410C1F80022D0DB /* LaunchScreen.storyboard */,
				00D78D652410C1F80022D0DB /* Info.plist */,
				00D78D5D2410C1F60022D0DB /* Word_Scramble.xcdatamodeld */,
				00D78D6B2410C4A50022D0DB /* start.txt */,
			);
			path = "Word Scramble";
			sourceTree = "<group>";
		};
/* End PBXGroup section */

/* Begin PBXNativeTarget section */
		00D78D502410C1F60022D0DB /* Word Scramble */ = {
			isa = PBXNativeTarget;
			buildConfigurationList = 00D78D682410C1F80022D0DB /* Build configuration list for PBXNativeTarget "Word Scramble" */;
			buildPhases = (
				00D78D4D2410C1F60022D0DB /* Sources */,
				00D78D4E2410C1F60022D0DB /* Frameworks */,
				00D78D4F2410C1F60022D0DB /* Resources */,
			);
			buildRules = (
			);
			dependencies = (
			);
			name = "Word Scramble";
			productName = "Word Scramble";
			productReference = 00D78D512410C1F60022D0DB /* Word Scramble.app */;
			productType = "com.apple.product-type.application";
		};
/* End PBXNativeTarget section */

/* Begin PBXProject section */
		00D78D492410C1F60022D0DB /* Project object */ = {
			isa = PBXProject;
			attributes = {
				LastSwiftUpdateCheck = 1130;
				LastUpgradeCheck = 1130;
				ORGANIZATIONNAME = MatrixTeam;
				TargetAttributes = {
					00D78D502410C1F60022D0DB = {
						CreatedOnToolsVersion = 11.3.1;
					};
				};
			};
			buildConfigurationList = 00D78D4C2410C1F60022D0DB /* Build configuration list for PBXProject "Word Scramble" */;
			compatibilityVersion = "Xcode 9.3";
			developmentRegion = en;
			hasScannedForEncodings = 0;
			knownRegions = (
				en,
				Base,
			);
			mainGroup = 00D78D482410C1F60022D0DB;
			productRefGroup = 00D78D522410C1F60022D0DB /* Products */;
			projectDirPath = "";
			projectRoot = "";
			targets = (
				00D78D502410C1F60022D0DB /* Word Scramble */,
			);
		};
/* End PBXProject section */

/* Begin PBXResourcesBuildPhase section */
		00D78D4F2410C1F60022D0DB /* Resources */ = {
			isa = PBXResourcesBuildPhase;
			buildActionMask = 2147483647;
			files = (
				00D78D642410C1F80022D0DB /* LaunchScreen.storyboard in Resources */,
				00D78D6C2410C4A50022D0DB /* start.txt in Resources */,
				00D78D612410C1F80022D0DB /* Assets.xcassets in Resources */,
				00D78D5C2410C1F60022D0DB /* Main.storyboard in Resources */,
			);
			runOnlyForDeploymentPostprocessing = 0;
		};
/* End PBXResourcesBuildPhase section */

/* Begin PBXSourcesBuildPhase section */
		00D78D4D2410C1F60022D0DB /* Sources */ = {
			isa = PBXSourcesBuildPhase;
			buildActionMask = 2147483647;
			files = (
				00D78D592410C1F60022D0DB /* ViewController.swift in Sources */,
				00D78D552410C1F60022D0DB /* AppDelegate.swift in Sources */,
				00D78D5F2410C1F60022D0DB /* Word_Scramble.xcdatamodeld in Sources */,
				00D78D572410C1F60022D0DB /* SceneDelegate.swift in Sources */,
			);
			runOnlyForDeploymentPostprocessing = 0;
		};
/* End PBXSourcesBuildPhase section */

/* Begin PBXVariantGroup section */
		00D78D5A2410C1F60022D0DB /* Main.storyboard */ = {
			isa = PBXVariantGroup;
			children = (
				00D78D5B2410C1F60022D0DB /* Base */,
			);
			name = Main.storyboard;
			sourceTree = "<group>";
		};
		00D78D622410C1F80022D0DB /* LaunchScreen.storyboard */ = {
			isa = PBXVariantGroup;
			children = (
				00D78D632410C1F80022D0DB /* Base */,
			);
			name = LaunchScreen.storyboard;
			sourceTree = "<group>";
		};
/* End PBXVariantGroup section */

/* Begin XCBuildConfiguration section */
		00D78D662410C1F80022D0DB /* Debug */ = {
			isa = XCBuildConfiguration;
			buildSettings = {
				ALWAYS_SEARCH_USER_PATHS = NO;
				CLANG_ANALYZER_NONNULL = YES;
				CLANG_ANALYZER_NUMBER_OBJECT_CONVERSION = YES_AGGRESSIVE;
				CLANG_CXX_LANGUAGE_STANDARD = "gnu++14";
				CLANG_CXX_LIBRARY = "libc++";
				CLANG_ENABLE_MODULES = YES;
				CLANG_ENABLE_OBJC_ARC = YES;
				CLANG_ENABLE_OBJC_WEAK = YES;
				CLANG_WARN_BLOCK_CAPTURE_AUTORELEASING = YES;
				CLANG_WARN_BOOL_CONVERSION = YES;
				CLANG_WARN_COMMA = YES;
				CLANG_WARN_CONSTANT_CONVERSION = YES;
				CLANG_WARN_DEPRECATED_OBJC_IMPLEMENTATIONS = YES;
				CLANG_WARN_DIRECT_OBJC_ISA_USAGE = YES_ERROR;
				CLANG_WARN_DOCUMENTATION_COMMENTS = YES;
				CLANG_WARN_EMPTY_BODY = YES;
				CLANG_WARN_ENUM_CONVERSION = YES;
				CLANG_WARN_INFINITE_RECURSION = YES;
				CLANG_WARN_INT_CONVERSION = YES;
				CLANG_WARN_NON_LITERAL_NULL_CONVERSION = YES;
				CLANG_WARN_OBJC_IMPLICIT_RETAIN_SELF = YES;
				CLANG_WARN_OBJC_LITERAL_CONVERSION = YES;
				CLANG_WARN_OBJC_ROOT_CLASS = YES_ERROR;
				CLANG_WARN_RANGE_LOOP_ANALYSIS = YES;
				CLANG_WARN_STRICT_PROTOTYPES = YES;
				CLANG_WARN_SUSPICIOUS_MOVE = YES;
				CLANG_WARN_UNGUARDED_AVAILABILITY = YES_AGGRESSIVE;
				CLANG_WARN_UNREACHABLE_CODE = YES;
				CLANG_WARN__DUPLICATE_METHOD_MATCH = YES;
				COPY_PHASE_STRIP = NO;
				DEBUG_INFORMATION_FORMAT = dwarf;
				ENABLE_STRICT_OBJC_MSGSEND = YES;
				ENABLE_TESTABILITY = YES;
				GCC_C_LANGUAGE_STANDARD = gnu11;
				GCC_DYNAMIC_NO_PIC = NO;
				GCC_NO_COMMON_BLOCKS = YES;
				GCC_OPTIMIZATION_LEVEL = 0;
				GCC_PREPROCESSOR_DEFINITIONS = (
					"DEBUG=1",
					"$(inherited)",
				);
				GCC_WARN_64_TO_32_BIT_CONVERSION = YES;
				GCC_WARN_ABOUT_RETURN_TYPE = YES_ERROR;
				GCC_WARN_UNDECLARED_SELECTOR = YES;
				GCC_WARN_UNINITIALIZED_AUTOS = YES_AGGRESSIVE;
				GCC_WARN_UNUSED_FUNCTION = YES;
				GCC_WARN_UNUSED_VARIABLE = YES;
				IPHONEOS_DEPLOYMENT_TARGET = 13.2;
				MTL_ENABLE_DEBUG_INFO = INCLUDE_SOURCE;
				MTL_FAST_MATH = YES;
				ONLY_ACTIVE_ARCH = YES;
				SDKROOT = iphoneos;
				SWIFT_ACTIVE_COMPILATION_CONDITIONS = DEBUG;
				SWIFT_OPTIMIZATION_LEVEL = "-Onone";
			};
			name = Debug;
		};
		00D78D672410C1F80022D0DB /* Release */ = {
			isa = XCBuildConfiguration;
			buildSettings = {
				ALWAYS_SEARCH_USER_PATHS = NO;
				CLANG_ANALYZER_NONNULL = YES;
				CLANG_ANALYZER_NUMBER_OBJECT_CONVERSION = YES_AGGRESSIVE;
				CLANG_CXX_LANGUAGE_STANDARD = "gnu++14";
				CLANG_CXX_LIBRARY = "libc++";
				CLANG_ENABLE_MODULES = YES;
				CLANG_ENABLE_OBJC_ARC = YES;
				CLANG_ENABLE_OBJC_WEAK = YES;
				CLANG_WARN_BLOCK_CAPTURE_AUTORELEASING = YES;
				CLANG_WARN_BOOL_CONVERSION = YES;
				CLANG_WARN_COMMA = YES;
				CLANG_WARN_CONSTANT_CONVERSION = YES;
				CLANG_WARN_DEPRECATED_OBJC_IMPLEMENTATIONS = YES;
				CLANG_WARN_DIRECT_OBJC_ISA_USAGE = YES_ERROR;
				CLANG_WARN_DOCUMENTATION_COMMENTS = YES;
				CLANG_WARN_EMPTY_BODY = YES;
				CLANG_WARN_ENUM_CONVERSION = YES;
				CLANG_WARN_INFINITE_RECURSION = YES;
				CLANG_WARN_INT_CONVERSION = YES;
				CLANG_WARN_NON_LITERAL_NULL_CONVERSION = YES;
				CLANG_WARN_OBJC_IMPLICIT_RETAIN_SELF = YES;
				CLANG_WARN_OBJC_LITERAL_CONVERSION = YES;
				CLANG_WARN_OBJC_ROOT_CLASS = YES_ERROR;
				CLANG_WARN_RANGE_LOOP_ANALYSIS = YES;
				CLANG_WARN_STRICT_PROTOTYPES = YES;
				CLANG_WARN_SUSPICIOUS_MOVE = YES;
				CLANG_WARN_UNGUARDED_AVAILABILITY = YES_AGGRESSIVE;
				CLANG_WARN_UNREACHABLE_CODE = YES;
				CLANG_WARN__DUPLICATE_METHOD_MATCH = YES;
				COPY_PHASE_STRIP = NO;
				DEBUG_INFORMATION_FORMAT = "dwarf-with-dsym";
				ENABLE_NS_ASSERTIONS = NO;
				ENABLE_STRICT_OBJC_MSGSEND = YES;
				GCC_C_LANGUAGE_STANDARD = gnu11;
				GCC_NO_COMMON_BLOCKS = YES;
				GCC_WARN_64_TO_32_BIT_CONVERSION = YES;
				GCC_WARN_ABOUT_RETURN_TYPE = YES_ERROR;
				GCC_WARN_UNDECLARED_SELECTOR = YES;
				GCC_WARN_UNINITIALIZED_AUTOS = YES_AGGRESSIVE;
				GCC_WARN_UNUSED_FUNCTION = YES;
				GCC_WARN_UNUSED_VARIABLE = YES;
				IPHONEOS_DEPLOYMENT_TARGET = 13.2;
				MTL_ENABLE_DEBUG_INFO = NO;
				MTL_FAST_MATH = YES;
				SDKROOT = iphoneos;
				SWIFT_COMPILATION_MODE = wholemodule;
				SWIFT_OPTIMIZATION_LEVEL = "-O";
				VALIDATE_PRODUCT = YES;
			};
			name = Release;
		};
		00D78D692410C1F80022D0DB /* Debug */ = {
			isa = XCBuildConfiguration;
			buildSettings = {
				ASSETCATALOG_COMPILER_APPICON_NAME = AppIcon;
				CODE_SIGN_STYLE = Automatic;
				INFOPLIST_FILE = "Word Scramble/Info.plist";
				LD_RUNPATH_SEARCH_PATHS = (
					"$(inherited)",
					"@executable_path/Frameworks",
				);
				PRODUCT_BUNDLE_IDENTIFIER = "com.Matrix.Word-Scramble";
				PRODUCT_NAME = "$(TARGET_NAME)";
				SWIFT_VERSION = 5.0;
				TARGETED_DEVICE_FAMILY = "1,2";
			};
			name = Debug;
		};
		00D78D6A2410C1F80022D0DB /* Release */ = {
			isa = XCBuildConfiguration;
			buildSettings = {
				ASSETCATALOG_COMPILER_APPICON_NAME = AppIcon;
				CODE_SIGN_STYLE = Automatic;
				INFOPLIST_FILE = "Word Scramble/Info.plist";
				LD_RUNPATH_SEARCH_PATHS = (
					"$(inherited)",
					"@executable_path/Frameworks",
				);
				PRODUCT_BUNDLE_IDENTIFIER = "com.Matrix.Word-Scramble";
				PRODUCT_NAME = "$(TARGET_NAME)";
				SWIFT_VERSION = 5.0;
				TARGETED_DEVICE_FAMILY = "1,2";
			};
			name = Release;
		};
/* End XCBuildConfiguration section */

/* Begin XCConfigurationList section */
		00D78D4C2410C1F60022D0DB /* Build configuration list for PBXProject "Word Scramble" */ = {
			isa = XCConfigurationList;
			buildConfigurations = (
				00D78D662410C1F80022D0DB /* Debug */,
				00D78D672410C1F80022D0DB /* Release */,
			);
			defaultConfigurationIsVisible = 0;
			defaultConfigurationName = Release;
		};
		00D78D682410C1F80022D0DB /* Build configuration list for PBXNativeTarget "Word Scramble" */ = {
			isa = XCConfigurationList;
			buildConfigurations = (
				00D78D692410C1F80022D0DB /* Debug */,
				00D78D6A2410C1F80022D0DB /* Release */,
			);
			defaultConfigurationIsVisible = 0;
			defaultConfigurationName = Release;
		};
/* End XCConfigurationList section */

/* Begin XCVersionGroup section */
		00D78D5D2410C1F60022D0DB /* Word_Scramble.xcdatamodeld */ = {
			isa = XCVersionGroup;
			children = (
				00D78D5E2410C1F60022D0DB /* Word_Scramble.xcdatamodel */,
			);
			currentVersion = 00D78D5E2410C1F60022D0DB /* Word_Scramble.xcdatamodel */;
			path = Word_Scramble.xcdatamodeld;
			sourceTree = "<group>";
			versionGroupType = wrapper.xcdatamodel;
		};
/* End XCVersionGroup section */
	};
	rootObject = 00D78D492410C1F60022D0DB /* Project object */;
}
