// !$*UTF8*$!
{
	archiveVersion = 1;
	classes = {
	};
	objectVersion = 50;
	objects = {

/* Begin PBXBuildFile section */
		006E3A8E241362C000DFC3FB /* AppDelegate.swift in Sources */ = {isa = PBXBuildFile; fileRef = 006E3A8D241362C000DFC3FB /* AppDelegate.swift */; };
		006E3A90241362C000DFC3FB /* SceneDelegate.swift in Sources */ = {isa = PBXBuildFile; fileRef = 006E3A8F241362C000DFC3FB /* SceneDelegate.swift */; };
		006E3A92241362C000DFC3FB /* ViewController.swift in Sources */ = {isa = PBXBuildFile; fileRef = 006E3A91241362C000DFC3FB /* ViewController.swift */; };
		006E3A95241362C000DFC3FB /* Main.storyboard in Resources */ = {isa = PBXBuildFile; fileRef = 006E3A93241362C000DFC3FB /* Main.storyboard */; };
		006E3A98241362C000DFC3FB /* Names_to_Faces.xcdatamodeld in Sources */ = {isa = PBXBuildFile; fileRef = 006E3A96241362C000DFC3FB /* Names_to_Faces.xcdatamodeld */; };
		006E3A9A241362C100DFC3FB /* Assets.xcassets in Resources */ = {isa = PBXBuildFile; fileRef = 006E3A99241362C100DFC3FB /* Assets.xcassets */; };
		006E3A9D241362C100DFC3FB /* LaunchScreen.storyboard in Resources */ = {isa = PBXBuildFile; fileRef = 006E3A9B241362C100DFC3FB /* LaunchScreen.storyboard */; };
		006E3AA72413685300DFC3FB /* PersonCellCollectionViewCell.swift in Sources */ = {isa = PBXBuildFile; fileRef = 006E3AA62413685300DFC3FB /* PersonCellCollectionViewCell.swift */; };
		006E3AA924137BB700DFC3FB /* Person.swift in Sources */ = {isa = PBXBuildFile; fileRef = 006E3AA824137BB700DFC3FB /* Person.swift */; };
/* End PBXBuildFile section */

/* Begin PBXFileReference section */
		006E3A8A241362C000DFC3FB /* Names to Faces.app */ = {isa = PBXFileReference; explicitFileType = wrapper.application; includeInIndex = 0; path = "Names to Faces.app"; sourceTree = BUILT_PRODUCTS_DIR; };
		006E3A8D241362C000DFC3FB /* AppDelegate.swift */ = {isa = PBXFileReference; lastKnownFileType = sourcecode.swift; path = AppDelegate.swift; sourceTree = "<group>"; };
		006E3A8F241362C000DFC3FB /* SceneDelegate.swift */ = {isa = PBXFileReference; lastKnownFileType = sourcecode.swift; path = SceneDelegate.swift; sourceTree = "<group>"; };
		006E3A91241362C000DFC3FB /* ViewController.swift */ = {isa = PBXFileReference; lastKnownFileType = sourcecode.swift; path = ViewController.swift; sourceTree = "<group>"; };
		006E3A94241362C000DFC3FB /* Base */ = {isa = PBXFileReference; lastKnownFileType = file.storyboard; name = Base; path = Base.lproj/Main.storyboard; sourceTree = "<group>"; };
		006E3A97241362C000DFC3FB /* Names_to_Faces.xcdatamodel */ = {isa = PBXFileReference; lastKnownFileType = wrapper.xcdatamodel; path = Names_to_Faces.xcdatamodel; sourceTree = "<group>"; };
		006E3A99241362C100DFC3FB /* Assets.xcassets */ = {isa = PBXFileReference; lastKnownFileType = folder.assetcatalog; path = Assets.xcassets; sourceTree = "<group>"; };
		006E3A9C241362C100DFC3FB /* Base */ = {isa = PBXFileReference; lastKnownFileType = file.storyboard; name = Base; path = Base.lproj/LaunchScreen.storyboard; sourceTree = "<group>"; };
		006E3A9E241362C100DFC3FB /* Info.plist */ = {isa = PBXFileReference; lastKnownFileType = text.plist.xml; path = Info.plist; sourceTree = "<group>"; };
		006E3AA62413685300DFC3FB /* PersonCellCollectionViewCell.swift */ = {isa = PBXFileReference; lastKnownFileType = sourcecode.swift; path = PersonCellCollectionViewCell.swift; sourceTree = "<group>"; };
		006E3AA824137BB700DFC3FB /* Person.swift */ = {isa = PBXFileReference; lastKnownFileType = sourcecode.swift; path = Person.swift; sourceTree = "<group>"; };
/* End PBXFileReference section */

/* Begin PBXFrameworksBuildPhase section */
		006E3A87241362C000DFC3FB /* Frameworks */ = {
			isa = PBXFrameworksBuildPhase;
			buildActionMask = 2147483647;
			files = (
			);
			runOnlyForDeploymentPostprocessing = 0;
		};
/* End PBXFrameworksBuildPhase section */

/* Begin PBXGroup section */
		006E3A81241362C000DFC3FB = {
			isa = PBXGroup;
			children = (
				006E3A8C241362C000DFC3FB /* Names to Faces */,
				006E3A8B241362C000DFC3FB /* Products */,
			);
			sourceTree = "<group>";
		};
		006E3A8B241362C000DFC3FB /* Products */ = {
			isa = PBXGroup;
			children = (
				006E3A8A241362C000DFC3FB /* Names to Faces.app */,
			);
			name = Products;
			sourceTree = "<group>";
		};
		006E3A8C241362C000DFC3FB /* Names to Faces */ = {
			isa = PBXGroup;
			children = (
				006E3A8D241362C000DFC3FB /* AppDelegate.swift */,
				006E3AA824137BB700DFC3FB /* Person.swift */,
				006E3A8F241362C000DFC3FB /* SceneDelegate.swift */,
				006E3A91241362C000DFC3FB /* ViewController.swift */,
				006E3AA62413685300DFC3FB /* PersonCellCollectionViewCell.swift */,
				006E3A93241362C000DFC3FB /* Main.storyboard */,
				006E3A99241362C100DFC3FB /* Assets.xcassets */,
				006E3A9B241362C100DFC3FB /* LaunchScreen.storyboard */,
				006E3A9E241362C100DFC3FB /* Info.plist */,
				006E3A96241362C000DFC3FB /* Names_to_Faces.xcdatamodeld */,
			);
			path = "Names to Faces";
			sourceTree = "<group>";
		};
/* End PBXGroup section */

/* Begin PBXNativeTarget section */
		006E3A89241362C000DFC3FB /* Names to Faces */ = {
			isa = PBXNativeTarget;
			buildConfigurationList = 006E3AA1241362C100DFC3FB /* Build configuration list for PBXNativeTarget "Names to Faces" */;
			buildPhases = (
				006E3A86241362C000DFC3FB /* Sources */,
				006E3A87241362C000DFC3FB /* Frameworks */,
				006E3A88241362C000DFC3FB /* Resources */,
			);
			buildRules = (
			);
			dependencies = (
			);
			name = "Names to Faces";
			productName = "Names to Faces";
			productReference = 006E3A8A241362C000DFC3FB /* Names to Faces.app */;
			productType = "com.apple.product-type.application";
		};
/* End PBXNativeTarget section */

/* Begin PBXProject section */
		006E3A82241362C000DFC3FB /* Project object */ = {
			isa = PBXProject;
			attributes = {
				LastSwiftUpdateCheck = 1130;
				LastUpgradeCheck = 1130;
				ORGANIZATIONNAME = MatrixTeam;
				TargetAttributes = {
					006E3A89241362C000DFC3FB = {
						CreatedOnToolsVersion = 11.3.1;
					};
				};
			};
			buildConfigurationList = 006E3A85241362C000DFC3FB /* Build configuration list for PBXProject "Names to Faces" */;
			compatibilityVersion = "Xcode 9.3";
			developmentRegion = en;
			hasScannedForEncodings = 0;
			knownRegions = (
				en,
				Base,
			);
			mainGroup = 006E3A81241362C000DFC3FB;
			productRefGroup = 006E3A8B241362C000DFC3FB /* Products */;
			projectDirPath = "";
			projectRoot = "";
			targets = (
				006E3A89241362C000DFC3FB /* Names to Faces */,
			);
		};
/* End PBXProject section */

/* Begin PBXResourcesBuildPhase section */
		006E3A88241362C000DFC3FB /* Resources */ = {
			isa = PBXResourcesBuildPhase;
			buildActionMask = 2147483647;
			files = (
				006E3A9D241362C100DFC3FB /* LaunchScreen.storyboard in Resources */,
				006E3A9A241362C100DFC3FB /* Assets.xcassets in Resources */,
				006E3A95241362C000DFC3FB /* Main.storyboard in Resources */,
			);
			runOnlyForDeploymentPostprocessing = 0;
		};
/* End PBXResourcesBuildPhase section */

/* Begin PBXSourcesBuildPhase section */
		006E3A86241362C000DFC3FB /* Sources */ = {
			isa = PBXSourcesBuildPhase;
			buildActionMask = 2147483647;
			files = (
				006E3AA924137BB700DFC3FB /* Person.swift in Sources */,
				006E3A92241362C000DFC3FB /* ViewController.swift in Sources */,
				006E3A8E241362C000DFC3FB /* AppDelegate.swift in Sources */,
				006E3A98241362C000DFC3FB /* Names_to_Faces.xcdatamodeld in Sources */,
				006E3A90241362C000DFC3FB /* SceneDelegate.swift in Sources */,
				006E3AA72413685300DFC3FB /* PersonCellCollectionViewCell.swift in Sources */,
			);
			runOnlyForDeploymentPostprocessing = 0;
		};
/* End PBXSourcesBuildPhase section */

/* Begin PBXVariantGroup section */
		006E3A93241362C000DFC3FB /* Main.storyboard */ = {
			isa = PBXVariantGroup;
			children = (
				006E3A94241362C000DFC3FB /* Base */,
			);
			name = Main.storyboard;
			sourceTree = "<group>";
		};
		006E3A9B241362C100DFC3FB /* LaunchScreen.storyboard */ = {
			isa = PBXVariantGroup;
			children = (
				006E3A9C241362C100DFC3FB /* Base */,
			);
			name = LaunchScreen.storyboard;
			sourceTree = "<group>";
		};
/* End PBXVariantGroup section */

/* Begin XCBuildConfiguration section */
		006E3A9F241362C100DFC3FB /* Debug */ = {
			isa = XCBuildConfiguration;
			buildSettings = {
				ALWAYS_SEARCH_USER_PATHS = NO;
				CLANG_ANALYZER_NONNULL = YES;
				CLANG_ANALYZER_NUMBER_OBJECT_CONVERSION = YES_AGGRESSIVE;
				CLANG_CXX_LANGUAGE_STANDARD = "gnu++14";
				CLANG_CXX_LIBRARY = "libc++";
				CLANG_ENABLE_MODULES = YES;
				CLANG_ENABLE_OBJC_ARC = YES;
				CLANG_ENABLE_OBJC_WEAK = YES;
				CLANG_WARN_BLOCK_CAPTURE_AUTORELEASING = YES;
				CLANG_WARN_BOOL_CONVERSION = YES;
				CLANG_WARN_COMMA = YES;
				CLANG_WARN_CONSTANT_CONVERSION = YES;
				CLANG_WARN_DEPRECATED_OBJC_IMPLEMENTATIONS = YES;
				CLANG_WARN_DIRECT_OBJC_ISA_USAGE = YES_ERROR;
				CLANG_WARN_DOCUMENTATION_COMMENTS = YES;
				CLANG_WARN_EMPTY_BODY = YES;
				CLANG_WARN_ENUM_CONVERSION = YES;
				CLANG_WARN_INFINITE_RECURSION = YES;
				CLANG_WARN_INT_CONVERSION = YES;
				CLANG_WARN_NON_LITERAL_NULL_CONVERSION = YES;
				CLANG_WARN_OBJC_IMPLICIT_RETAIN_SELF = YES;
				CLANG_WARN_OBJC_LITERAL_CONVERSION = YES;
				CLANG_WARN_OBJC_ROOT_CLASS = YES_ERROR;
				CLANG_WARN_RANGE_LOOP_ANALYSIS = YES;
				CLANG_WARN_STRICT_PROTOTYPES = YES;
				CLANG_WARN_SUSPICIOUS_MOVE = YES;
				CLANG_WARN_UNGUARDED_AVAILABILITY = YES_AGGRESSIVE;
				CLANG_WARN_UNREACHABLE_CODE = YES;
				CLANG_WARN__DUPLICATE_METHOD_MATCH = YES;
				COPY_PHASE_STRIP = NO;
				DEBUG_INFORMATION_FORMAT = dwarf;
				ENABLE_STRICT_OBJC_MSGSEND = YES;
				ENABLE_TESTABILITY = YES;
				GCC_C_LANGUAGE_STANDARD = gnu11;
				GCC_DYNAMIC_NO_PIC = NO;
				GCC_NO_COMMON_BLOCKS = YES;
				GCC_OPTIMIZATION_LEVEL = 0;
				GCC_PREPROCESSOR_DEFINITIONS = (
					"DEBUG=1",
					"$(inherited)",
				);
				GCC_WARN_64_TO_32_BIT_CONVERSION = YES;
				GCC_WARN_ABOUT_RETURN_TYPE = YES_ERROR;
				GCC_WARN_UNDECLARED_SELECTOR = YES;
				GCC_WARN_UNINITIALIZED_AUTOS = YES_AGGRESSIVE;
				GCC_WARN_UNUSED_FUNCTION = YES;
				GCC_WARN_UNUSED_VARIABLE = YES;
				IPHONEOS_DEPLOYMENT_TARGET = 13.2;
				MTL_ENABLE_DEBUG_INFO = INCLUDE_SOURCE;
				MTL_FAST_MATH = YES;
				ONLY_ACTIVE_ARCH = YES;
				SDKROOT = iphoneos;
				SWIFT_ACTIVE_COMPILATION_CONDITIONS = DEBUG;
				SWIFT_OPTIMIZATION_LEVEL = "-Onone";
			};
			name = Debug;
		};
		006E3AA0241362C100DFC3FB /* Release */ = {
			isa = XCBuildConfiguration;
			buildSettings = {
				ALWAYS_SEARCH_USER_PATHS = NO;
				CLANG_ANALYZER_NONNULL = YES;
				CLANG_ANALYZER_NUMBER_OBJECT_CONVERSION = YES_AGGRESSIVE;
				CLANG_CXX_LANGUAGE_STANDARD = "gnu++14";
				CLANG_CXX_LIBRARY = "libc++";
				CLANG_ENABLE_MODULES = YES;
				CLANG_ENABLE_OBJC_ARC = YES;
				CLANG_ENABLE_OBJC_WEAK = YES;
				CLANG_WARN_BLOCK_CAPTURE_AUTORELEASING = YES;
				CLANG_WARN_BOOL_CONVERSION = YES;
				CLANG_WARN_COMMA = YES;
				CLANG_WARN_CONSTANT_CONVERSION = YES;
				CLANG_WARN_DEPRECATED_OBJC_IMPLEMENTATIONS = YES;
				CLANG_WARN_DIRECT_OBJC_ISA_USAGE = YES_ERROR;
				CLANG_WARN_DOCUMENTATION_COMMENTS = YES;
				CLANG_WARN_EMPTY_BODY = YES;
				CLANG_WARN_ENUM_CONVERSION = YES;
				CLANG_WARN_INFINITE_RECURSION = YES;
				CLANG_WARN_INT_CONVERSION = YES;
				CLANG_WARN_NON_LITERAL_NULL_CONVERSION = YES;
				CLANG_WARN_OBJC_IMPLICIT_RETAIN_SELF = YES;
				CLANG_WARN_OBJC_LITERAL_CONVERSION = YES;
				CLANG_WARN_OBJC_ROOT_CLASS = YES_ERROR;
				CLANG_WARN_RANGE_LOOP_ANALYSIS = YES;
				CLANG_WARN_STRICT_PROTOTYPES = YES;
				CLANG_WARN_SUSPICIOUS_MOVE = YES;
				CLANG_WARN_UNGUARDED_AVAILABILITY = YES_AGGRESSIVE;
				CLANG_WARN_UNREACHABLE_CODE = YES;
				CLANG_WARN__DUPLICATE_METHOD_MATCH = YES;
				COPY_PHASE_STRIP = NO;
				DEBUG_INFORMATION_FORMAT = "dwarf-with-dsym";
				ENABLE_NS_ASSERTIONS = NO;
				ENABLE_STRICT_OBJC_MSGSEND = YES;
				GCC_C_LANGUAGE_STANDARD = gnu11;
				GCC_NO_COMMON_BLOCKS = YES;
				GCC_WARN_64_TO_32_BIT_CONVERSION = YES;
				GCC_WARN_ABOUT_RETURN_TYPE = YES_ERROR;
				GCC_WARN_UNDECLARED_SELECTOR = YES;
				GCC_WARN_UNINITIALIZED_AUTOS = YES_AGGRESSIVE;
				GCC_WARN_UNUSED_FUNCTION = YES;
				GCC_WARN_UNUSED_VARIABLE = YES;
				IPHONEOS_DEPLOYMENT_TARGET = 13.2;
				MTL_ENABLE_DEBUG_INFO = NO;
				MTL_FAST_MATH = YES;
				SDKROOT = iphoneos;
				SWIFT_COMPILATION_MODE = wholemodule;
				SWIFT_OPTIMIZATION_LEVEL = "-O";
				VALIDATE_PRODUCT = YES;
			};
			name = Release;
		};
		006E3AA2241362C100DFC3FB /* Debug */ = {
			isa = XCBuildConfiguration;
			buildSettings = {
				ASSETCATALOG_COMPILER_APPICON_NAME = AppIcon;
				CODE_SIGN_STYLE = Automatic;
				INFOPLIST_FILE = "Names to Faces/Info.plist";
				LD_RUNPATH_SEARCH_PATHS = (
					"$(inherited)",
					"@executable_path/Frameworks",
				);
				PRODUCT_BUNDLE_IDENTIFIER = "com.Matrix.Names-to-Faces";
				PRODUCT_NAME = "$(TARGET_NAME)";
				SWIFT_VERSION = 5.0;
				TARGETED_DEVICE_FAMILY = "1,2";
			};
			name = Debug;
		};
		006E3AA3241362C100DFC3FB /* Release */ = {
			isa = XCBuildConfiguration;
			buildSettings = {
				ASSETCATALOG_COMPILER_APPICON_NAME = AppIcon;
				CODE_SIGN_STYLE = Automatic;
				INFOPLIST_FILE = "Names to Faces/Info.plist";
				LD_RUNPATH_SEARCH_PATHS = (
					"$(inherited)",
					"@executable_path/Frameworks",
				);
				PRODUCT_BUNDLE_IDENTIFIER = "com.Matrix.Names-to-Faces";
				PRODUCT_NAME = "$(TARGET_NAME)";
				SWIFT_VERSION = 5.0;
				TARGETED_DEVICE_FAMILY = "1,2";
			};
			name = Release;
		};
/* End XCBuildConfiguration section */

/* Begin XCConfigurationList section */
		006E3A85241362C000DFC3FB /* Build configuration list for PBXProject "Names to Faces" */ = {
			isa = XCConfigurationList;
			buildConfigurations = (
				006E3A9F241362C100DFC3FB /* Debug */,
				006E3AA0241362C100DFC3FB /* Release */,
			);
			defaultConfigurationIsVisible = 0;
			defaultConfigurationName = Release;
		};
		006E3AA1241362C100DFC3FB /* Build configuration list for PBXNativeTarget "Names to Faces" */ = {
			isa = XCConfigurationList;
			buildConfigurations = (
				006E3AA2241362C100DFC3FB /* Debug */,
				006E3AA3241362C100DFC3FB /* Release */,
			);
			defaultConfigurationIsVisible = 0;
			defaultConfigurationName = Release;
		};
/* End XCConfigurationList section */

/* Begin XCVersionGroup section */
		006E3A96241362C000DFC3FB /* Names_to_Faces.xcdatamodeld */ = {
			isa = XCVersionGroup;
			children = (
				006E3A97241362C000DFC3FB /* Names_to_Faces.xcdatamodel */,
			);
			currentVersion = 006E3A97241362C000DFC3FB /* Names_to_Faces.xcdatamodel */;
			path = Names_to_Faces.xcdatamodeld;
			sourceTree = "<group>";
			versionGroupType = wrapper.xcdatamodel;
		};
/* End XCVersionGroup section */
	};
	rootObject = 006E3A82241362C000DFC3FB /* Project object */;
}
